
Microsoft Visual Studio Solution File, Format Version 12.00
# Visual Studio Version 17
VisualStudioVersion = 17.14.36408.4
MinimumVisualStudioVersion = 10.0.40219.1
Project("{FAE04EC0-301F-11D3-BF4B-00C04F79EFBC}") = "Valikot", "Valikot.csproj", "{7272F5DC-A0A3-4768-B63D-02D6F8200EAD}"
EndProject
Project("{FAE04EC0-301F-11D3-BF4B-00C04F79EFBC}") = "RayGuiCreator", "..\..\..\..\RayGuiCreator\RayGuiCreator\RayGuiCreator.csproj", "{B870D1A1-BE37-AFAE-F137-946716F3FE4A}"
EndProject
Global
	GlobalSection(SolutionConfigurationPlatforms) = preSolution
		Debug|Any CPU = Debug|Any CPU
		Release|Any CPU = Release|Any CPU
	EndGlobalSection
	GlobalSection(ProjectConfigurationPlatforms) = postSolution
		{7272F5DC-A0A3-4768-B63D-02D6F8200EAD}.Debug|Any CPU.ActiveCfg = Debug|Any CPU
		{7272F5DC-A0A3-4768-B63D-02D6F8200EAD}.Debug|Any CPU.Build.0 = Debug|Any CPU
		{7272F5DC-A0A3-4768-B63D-02D6F8200EAD}.Release|Any CPU.ActiveCfg = Release|Any CPU
		{7272F5DC-A0A3-4768-B63D-02D6F8200EAD}.Release|Any CPU.Build.0 = Release|Any CPU
		{B870D1A1-BE37-AFAE-F137-946716F3FE4A}.Debug|Any CPU.ActiveCfg = Debug|Any CPU
		{B870D1A1-BE37-AFAE-F137-946716F3FE4A}.Debug|Any CPU.Build.0 = Debug|Any CPU
		{B870D1A1-BE37-AFAE-F137-946716F3FE4A}.Release|Any CPU.ActiveCfg = Release|Any CPU
		{B870D1A1-BE37-AFAE-F137-946716F3FE4A}.Release|Any CPU.Build.0 = Release|Any CPU
	EndGlobalSection
	GlobalSection(SolutionProperties) = preSolution
		HideSolutionNode = FALSE
	EndGlobalSection
	GlobalSection(ExtensibilityGlobals) = postSolution
		SolutionGuid = {ABB2D535-5C92-418B-B099-610DC0293872}
	EndGlobalSection
EndGlobal
